{
  "version": 4,
  "terraform_version": "1.11.2",
  "serial": 18,
  "lineage": "154694b6-376e-4fc6-8673-bbf5aebb7e0f",
  "outputs": {},
  "resources": [
    {
      "module": "module.network",
      "mode": "managed",
      "type": "google_compute_network",
      "name": "this",
      "provider": "provider[\"registry.terraform.io/hashicorp/google\"]",
      "instances": [
        {
          "schema_version": 0,
          "attributes": {
            "auto_create_subnetworks": false,
            "delete_default_routes_on_create": false,
            "description": "",
            "enable_ula_internal_ipv6": false,
            "gateway_ipv4": "",
            "id": "projects/natural-aspect-454019-a2/global/networks/custom-vpc",
            "internal_ipv6_range": "",
            "mtu": 0,
            "name": "custom-vpc",
            "network_firewall_policy_enforcement_order": "AFTER_CLASSIC_FIREWALL",
            "numeric_id": "3535128640317898537",
            "project": "natural-aspect-454019-a2",
            "routing_mode": "REGIONAL",
            "self_link": "https://www.googleapis.com/compute/v1/projects/natural-aspect-454019-a2/global/networks/custom-vpc",
            "timeouts": null
          },
          "sensitive_attributes": [],
          "private": "eyJlMmJmYjczMC1lY2FhLTExZTYtOGY4OC0zNDM2M2JjN2M0YzAiOnsiY3JlYXRlIjoxMjAwMDAwMDAwMDAwLCJkZWxldGUiOjEyMDAwMDAwMDAwMDAsInVwZGF0ZSI6MTIwMDAwMDAwMDAwMH19"
        }
      ]
    },
    {
      "module": "module.network",
      "mode": "managed",
      "type": "google_compute_subnetwork",
      "name": "this",
      "provider": "provider[\"registry.terraform.io/hashicorp/google\"]",
      "instances": [
        {
          "schema_version": 0,
          "attributes": {
            "creation_timestamp": "2025-03-17T13:11:11.431-07:00",
            "description": "",
            "external_ipv6_prefix": "",
            "fingerprint": null,
            "gateway_address": "10.0.1.1",
            "id": "projects/natural-aspect-454019-a2/regions/europe-west1/subnetworks/subnetwork",
            "internal_ipv6_prefix": "",
            "ip_cidr_range": "10.0.1.0/24",
            "ipv6_access_type": "",
            "ipv6_cidr_range": "",
            "log_config": [],
            "name": "subnetwork",
            "network": "https://www.googleapis.com/compute/v1/projects/natural-aspect-454019-a2/global/networks/custom-vpc",
            "private_ip_google_access": false,
            "private_ipv6_google_access": "DISABLE_GOOGLE_ACCESS",
            "project": "natural-aspect-454019-a2",
            "purpose": "PRIVATE",
            "region": "europe-west1",
            "role": "",
            "secondary_ip_range": [],
            "self_link": "https://www.googleapis.com/compute/v1/projects/natural-aspect-454019-a2/regions/europe-west1/subnetworks/subnetwork",
            "stack_type": "IPV4_ONLY",
            "timeouts": null
          },
          "sensitive_attributes": [],
          "private": "eyJlMmJmYjczMC1lY2FhLTExZTYtOGY4OC0zNDM2M2JjN2M0YzAiOnsiY3JlYXRlIjoxMjAwMDAwMDAwMDAwLCJkZWxldGUiOjEyMDAwMDAwMDAwMDAsInVwZGF0ZSI6MTIwMDAwMDAwMDAwMH19",
          "dependencies": [
            "module.network.google_compute_network.this"
          ]
        }
      ]
    }
  ],
  "check_results": null
}
